// !$*UTF8*$!
{
	archiveVersion = 1;
	classes = {
	};
	objectVersion = 48;
	objects = {

/* Begin PBXBuildFile section */
		D6F6663E2264DD5C0096248E /* AppDelegate.swift in Sources */ = {isa = PBXBuildFile; fileRef = D6F6663D2264DD5C0096248E /* AppDelegate.swift */; };
		D6F666402264DD5C0096248E /* ViewController.swift in Sources */ = {isa = PBXBuildFile; fileRef = D6F6663F2264DD5C0096248E /* ViewController.swift */; };
		D6F666432264DD5D0096248E /* Main.storyboard in Resources */ = {isa = PBXBuildFile; fileRef = D6F666412264DD5D0096248E /* Main.storyboard */; };
		D6F666452264DD5D0096248E /* Assets.xcassets in Resources */ = {isa = PBXBuildFile; fileRef = D6F666442264DD5D0096248E /* Assets.xcassets */; };
		D6F666482264DD5D0096248E /* LaunchScreen.storyboard in Resources */ = {isa = PBXBuildFile; fileRef = D6F666462264DD5D0096248E /* LaunchScreen.storyboard */; };
		D6F666532264DD5D0096248E /* HelloWorldTests.swift in Sources */ = {isa = PBXBuildFile; fileRef = D6F666522264DD5D0096248E /* HelloWorldTests.swift */; };
		D6F6665E2264DD5D0096248E /* HelloWorldUITests.swift in Sources */ = {isa = PBXBuildFile; fileRef = D6F6665D2264DD5D0096248E /* HelloWorldUITests.swift */; };
		D6F6666C2264F0C40096248E /* Trevor Daniel - Empty my-free-mp3s.com .mp3 in Resources */ = {isa = PBXBuildFile; fileRef = D6F6666B2264F0C20096248E /* Trevor Daniel - Empty my-free-mp3s.com .mp3 */; };
/* End PBXBuildFile section */

/* Begin PBXContainerItemProxy section */
		D6F6664F2264DD5D0096248E /* PBXContainerItemProxy */ = {
			isa = PBXContainerItemProxy;
			containerPortal = D6F666322264DD5B0096248E /* Project object */;
			proxyType = 1;
			remoteGlobalIDString = D6F666392264DD5C0096248E;
			remoteInfo = HelloWorld;
		};
		D6F6665A2264DD5D0096248E /* PBXContainerItemProxy */ = {
			isa = PBXContainerItemProxy;
			containerPortal = D6F666322264DD5B0096248E /* Project object */;
			proxyType = 1;
			remoteGlobalIDString = D6F666392264DD5C0096248E;
			remoteInfo = HelloWorld;
		};
/* End PBXContainerItemProxy section */

/* Begin PBXFileReference section */
		D6F6663A2264DD5C0096248E /* HelloWorld.app */ = {isa = PBXFileReference; explicitFileType = wrapper.application; includeInIndex = 0; path = HelloWorld.app; sourceTree = BUILT_PRODUCTS_DIR; };
		D6F6663D2264DD5C0096248E /* AppDelegate.swift */ = {isa = PBXFileReference; lastKnownFileType = sourcecode.swift; path = AppDelegate.swift; sourceTree = "<group>"; };
		D6F6663F2264DD5C0096248E /* ViewController.swift */ = {isa = PBXFileReference; lastKnownFileType = sourcecode.swift; path = ViewController.swift; sourceTree = "<group>"; };
		D6F666422264DD5D0096248E /* Base */ = {isa = PBXFileReference; lastKnownFileType = file.storyboard; name = Base; path = Base.lproj/Main.storyboard; sourceTree = "<group>"; };
		D6F666442264DD5D0096248E /* Assets.xcassets */ = {isa = PBXFileReference; lastKnownFileType = folder.assetcatalog; path = Assets.xcassets; sourceTree = "<group>"; };
		D6F666472264DD5D0096248E /* Base */ = {isa = PBXFileReference; lastKnownFileType = file.storyboard; name = Base; path = Base.lproj/LaunchScreen.storyboard; sourceTree = "<group>"; };
		D6F666492264DD5D0096248E /* Info.plist */ = {isa = PBXFileReference; lastKnownFileType = text.plist.xml; path = Info.plist; sourceTree = "<group>"; };
		D6F6664E2264DD5D0096248E /* HelloWorldTests.xctest */ = {isa = PBXFileReference; explicitFileType = wrapper.cfbundle; includeInIndex = 0; path = HelloWorldTests.xctest; sourceTree = BUILT_PRODUCTS_DIR; };
		D6F666522264DD5D0096248E /* HelloWorldTests.swift */ = {isa = PBXFileReference; lastKnownFileType = sourcecode.swift; path = HelloWorldTests.swift; sourceTree = "<group>"; };
		D6F666542264DD5D0096248E /* Info.plist */ = {isa = PBXFileReference; lastKnownFileType = text.plist.xml; path = Info.plist; sourceTree = "<group>"; };
		D6F666592264DD5D0096248E /* HelloWorldUITests.xctest */ = {isa = PBXFileReference; explicitFileType = wrapper.cfbundle; includeInIndex = 0; path = HelloWorldUITests.xctest; sourceTree = BUILT_PRODUCTS_DIR; };
		D6F6665D2264DD5D0096248E /* HelloWorldUITests.swift */ = {isa = PBXFileReference; lastKnownFileType = sourcecode.swift; path = HelloWorldUITests.swift; sourceTree = "<group>"; };
		D6F6665F2264DD5D0096248E /* Info.plist */ = {isa = PBXFileReference; lastKnownFileType = text.plist.xml; path = Info.plist; sourceTree = "<group>"; };
		D6F6666B2264F0C20096248E /* Trevor Daniel - Empty my-free-mp3s.com .mp3 */ = {isa = PBXFileReference; lastKnownFileType = audio.mp3; path = "Trevor Daniel - Empty my-free-mp3s.com .mp3"; sourceTree = "<group>"; };
/* End PBXFileReference section */

/* Begin PBXFrameworksBuildPhase section */
		D6F666372264DD5C0096248E /* Frameworks */ = {
			isa = PBXFrameworksBuildPhase;
			buildActionMask = 2147483647;
			files = (
			);
			runOnlyForDeploymentPostprocessing = 0;
		};
		D6F6664B2264DD5D0096248E /* Frameworks */ = {
			isa = PBXFrameworksBuildPhase;
			buildActionMask = 2147483647;
			files = (
			);
			runOnlyForDeploymentPostprocessing = 0;
		};
		D6F666562264DD5D0096248E /* Frameworks */ = {
			isa = PBXFrameworksBuildPhase;
			buildActionMask = 2147483647;
			files = (
			);
			runOnlyForDeploymentPostprocessing = 0;
		};
/* End PBXFrameworksBuildPhase section */

/* Begin PBXGroup section */
		D6F666312264DD5B0096248E = {
			isa = PBXGroup;
			children = (
				D6F6663C2264DD5C0096248E /* HelloWorld */,
				D6F666512264DD5D0096248E /* HelloWorldTests */,
				D6F6665C2264DD5D0096248E /* HelloWorldUITests */,
				D6F6663B2264DD5C0096248E /* Products */,
			);
			sourceTree = "<group>";
		};
		D6F6663B2264DD5C0096248E /* Products */ = {
			isa = PBXGroup;
			children = (
				D6F6663A2264DD5C0096248E /* HelloWorld.app */,
				D6F6664E2264DD5D0096248E /* HelloWorldTests.xctest */,
				D6F666592264DD5D0096248E /* HelloWorldUITests.xctest */,
			);
			name = Products;
			sourceTree = "<group>";
		};
		D6F6663C2264DD5C0096248E /* HelloWorld */ = {
			isa = PBXGroup;
			children = (
				D6F6663D2264DD5C0096248E /* AppDelegate.swift */,
				D6F6663F2264DD5C0096248E /* ViewController.swift */,
				D6F666412264DD5D0096248E /* Main.storyboard */,
				D6F6666B2264F0C20096248E /* Trevor Daniel - Empty my-free-mp3s.com .mp3 */,
				D6F666442264DD5D0096248E /* Assets.xcassets */,
				D6F666462264DD5D0096248E /* LaunchScreen.storyboard */,
				D6F666492264DD5D0096248E /* Info.plist */,
			);
			path = HelloWorld;
			sourceTree = "<group>";
		};
		D6F666512264DD5D0096248E /* HelloWorldTests */ = {
			isa = PBXGroup;
			children = (
				D6F666522264DD5D0096248E /* HelloWorldTests.swift */,
				D6F666542264DD5D0096248E /* Info.plist */,
			);
			path = HelloWorldTests;
			sourceTree = "<group>";
		};
		D6F6665C2264DD5D0096248E /* HelloWorldUITests */ = {
			isa = PBXGroup;
			children = (
				D6F6665D2264DD5D0096248E /* HelloWorldUITests.swift */,
				D6F6665F2264DD5D0096248E /* Info.plist */,
			);
			path = HelloWorldUITests;
			sourceTree = "<group>";
		};
/* End PBXGroup section */

/* Begin PBXNativeTarget section */
		D6F666392264DD5C0096248E /* HelloWorld */ = {
			isa = PBXNativeTarget;
			buildConfigurationList = D6F666622264DD5D0096248E /* Build configuration list for PBXNativeTarget "HelloWorld" */;
			buildPhases = (
				D6F666362264DD5C0096248E /* Sources */,
				D6F666372264DD5C0096248E /* Frameworks */,
				D6F666382264DD5C0096248E /* Resources */,
			);
			buildRules = (
			);
			dependencies = (
			);
			name = HelloWorld;
			productName = HelloWorld;
			productReference = D6F6663A2264DD5C0096248E /* HelloWorld.app */;
			productType = "com.apple.product-type.application";
		};
		D6F6664D2264DD5D0096248E /* HelloWorldTests */ = {
			isa = PBXNativeTarget;
			buildConfigurationList = D6F666652264DD5D0096248E /* Build configuration list for PBXNativeTarget "HelloWorldTests" */;
			buildPhases = (
				D6F6664A2264DD5D0096248E /* Sources */,
				D6F6664B2264DD5D0096248E /* Frameworks */,
				D6F6664C2264DD5D0096248E /* Resources */,
			);
			buildRules = (
			);
			dependencies = (
				D6F666502264DD5D0096248E /* PBXTargetDependency */,
			);
			name = HelloWorldTests;
			productName = HelloWorldTests;
			productReference = D6F6664E2264DD5D0096248E /* HelloWorldTests.xctest */;
			productType = "com.apple.product-type.bundle.unit-test";
		};
		D6F666582264DD5D0096248E /* HelloWorldUITests */ = {
			isa = PBXNativeTarget;
			buildConfigurationList = D6F666682264DD5D0096248E /* Build configuration list for PBXNativeTarget "HelloWorldUITests" */;
			buildPhases = (
				D6F666552264DD5D0096248E /* Sources */,
				D6F666562264DD5D0096248E /* Frameworks */,
				D6F666572264DD5D0096248E /* Resources */,
			);
			buildRules = (
			);
			dependencies = (
				D6F6665B2264DD5D0096248E /* PBXTargetDependency */,
			);
			name = HelloWorldUITests;
			productName = HelloWorldUITests;
			productReference = D6F666592264DD5D0096248E /* HelloWorldUITests.xctest */;
			productType = "com.apple.product-type.bundle.ui-testing";
		};
/* End PBXNativeTarget section */

/* Begin PBXProject section */
		D6F666322264DD5B0096248E /* Project object */ = {
			isa = PBXProject;
			attributes = {
				LastSwiftUpdateCheck = 0920;
				LastUpgradeCheck = 0920;
				ORGANIZATIONNAME = "Project Exploration";
				TargetAttributes = {
					D6F666392264DD5C0096248E = {
						CreatedOnToolsVersion = 9.2;
						ProvisioningStyle = Automatic;
					};
					D6F6664D2264DD5D0096248E = {
						CreatedOnToolsVersion = 9.2;
						ProvisioningStyle = Automatic;
						TestTargetID = D6F666392264DD5C0096248E;
					};
					D6F666582264DD5D0096248E = {
						CreatedOnToolsVersion = 9.2;
						ProvisioningStyle = Automatic;
						TestTargetID = D6F666392264DD5C0096248E;
					};
				};
			};
			buildConfigurationList = D6F666352264DD5B0096248E /* Build configuration list for PBXProject "HelloWorld" */;
			compatibilityVersion = "Xcode 8.0";
			developmentRegion = en;
			hasScannedForEncodings = 0;
			knownRegions = (
				en,
				Base,
			);
			mainGroup = D6F666312264DD5B0096248E;
			productRefGroup = D6F6663B2264DD5C0096248E /* Products */;
			projectDirPath = "";
			projectRoot = "";
			targets = (
				D6F666392264DD5C0096248E /* HelloWorld */,
				D6F6664D2264DD5D0096248E /* HelloWorldTests */,
				D6F666582264DD5D0096248E /* HelloWorldUITests */,
			);
		};
/* End PBXProject section */

/* Begin PBXResourcesBuildPhase section */
		D6F666382264DD5C0096248E /* Resources */ = {
			isa = PBXResourcesBuildPhase;
			buildActionMask = 2147483647;
			files = (
				D6F666482264DD5D0096248E /* LaunchScreen.storyboard in Resources */,
				D6F666452264DD5D0096248E /* Assets.xcassets in Resources */,
				D6F6666C2264F0C40096248E /* Trevor Daniel - Empty my-free-mp3s.com .mp3 in Resources */,
				D6F666432264DD5D0096248E /* Main.storyboard in Resources */,
			);
			runOnlyForDeploymentPostprocessing = 0;
		};
		D6F6664C2264DD5D0096248E /* Resources */ = {
			isa = PBXResourcesBuildPhase;
			buildActionMask = 2147483647;
			files = (
			);
			runOnlyForDeploymentPostprocessing = 0;
		};
		D6F666572264DD5D0096248E /* Resources */ = {
			isa = PBXResourcesBuildPhase;
			buildActionMask = 2147483647;
			files = (
			);
			runOnlyForDeploymentPostprocessing = 0;
		};
/* End PBXResourcesBuildPhase section */

/* Begin PBXSourcesBuildPhase section */
		D6F666362264DD5C0096248E /* Sources */ = {
			isa = PBXSourcesBuildPhase;
			buildActionMask = 2147483647;
			files = (
				D6F666402264DD5C0096248E /* ViewController.swift in Sources */,
				D6F6663E2264DD5C0096248E /* AppDelegate.swift in Sources */,
			);
			runOnlyForDeploymentPostprocessing = 0;
		};
		D6F6664A2264DD5D0096248E /* Sources */ = {
			isa = PBXSourcesBuildPhase;
			buildActionMask = 2147483647;
			files = (
				D6F666532264DD5D0096248E /* HelloWorldTests.swift in Sources */,
			);
			runOnlyForDeploymentPostprocessing = 0;
		};
		D6F666552264DD5D0096248E /* Sources */ = {
			isa = PBXSourcesBuildPhase;
			buildActionMask = 2147483647;
			files = (
				D6F6665E2264DD5D0096248E /* HelloWorldUITests.swift in Sources */,
			);
			runOnlyForDeploymentPostprocessing = 0;
		};
/* End PBXSourcesBuildPhase section */

/* Begin PBXTargetDependency section */
		D6F666502264DD5D0096248E /* PBXTargetDependency */ = {
			isa = PBXTargetDependency;
			target = D6F666392264DD5C0096248E /* HelloWorld */;
			targetProxy = D6F6664F2264DD5D0096248E /* PBXContainerItemProxy */;
		};
		D6F6665B2264DD5D0096248E /* PBXTargetDependency */ = {
			isa = PBXTargetDependency;
			target = D6F666392264DD5C0096248E /* HelloWorld */;
			targetProxy = D6F6665A2264DD5D0096248E /* PBXContainerItemProxy */;
		};
/* End PBXTargetDependency section */

/* Begin PBXVariantGroup section */
		D6F666412264DD5D0096248E /* Main.storyboard */ = {
			isa = PBXVariantGroup;
			children = (
				D6F666422264DD5D0096248E /* Base */,
			);
			name = Main.storyboard;
			sourceTree = "<group>";
		};
		D6F666462264DD5D0096248E /* LaunchScreen.storyboard */ = {
			isa = PBXVariantGroup;
			children = (
				D6F666472264DD5D0096248E /* Base */,
			);
			name = LaunchScreen.storyboard;
			sourceTree = "<group>";
		};
/* End PBXVariantGroup section */

/* Begin XCBuildConfiguration section */
		D6F666602264DD5D0096248E /* Debug */ = {
			isa = XCBuildConfiguration;
			buildSettings = {
				ALWAYS_SEARCH_USER_PATHS = NO;
				CLANG_ANALYZER_NONNULL = YES;
				CLANG_ANALYZER_NUMBER_OBJECT_CONVERSION = YES_AGGRESSIVE;
				CLANG_CXX_LANGUAGE_STANDARD = "gnu++14";
				CLANG_CXX_LIBRARY = "libc++";
				CLANG_ENABLE_MODULES = YES;
				CLANG_ENABLE_OBJC_ARC = YES;
				CLANG_WARN_BLOCK_CAPTURE_AUTORELEASING = YES;
				CLANG_WARN_BOOL_CONVERSION = YES;
				CLANG_WARN_COMMA = YES;
				CLANG_WARN_CONSTANT_CONVERSION = YES;
				CLANG_WARN_DIRECT_OBJC_ISA_USAGE = YES_ERROR;
				CLANG_WARN_DOCUMENTATION_COMMENTS = YES;
				CLANG_WARN_EMPTY_BODY = YES;
				CLANG_WARN_ENUM_CONVERSION = YES;
				CLANG_WARN_INFINITE_RECURSION = YES;
				CLANG_WARN_INT_CONVERSION = YES;
				CLANG_WARN_NON_LITERAL_NULL_CONVERSION = YES;
				CLANG_WARN_OBJC_LITERAL_CONVERSION = YES;
				CLANG_WARN_OBJC_ROOT_CLASS = YES_ERROR;
				CLANG_WARN_RANGE_LOOP_ANALYSIS = YES;
				CLANG_WARN_STRICT_PROTOTYPES = YES;
				CLANG_WARN_SUSPICIOUS_MOVE = YES;
				CLANG_WARN_UNGUARDED_AVAILABILITY = YES_AGGRESSIVE;
				CLANG_WARN_UNREACHABLE_CODE = YES;
				CLANG_WARN__DUPLICATE_METHOD_MATCH = YES;
				CODE_SIGN_IDENTITY = "iPhone Developer";
				COPY_PHASE_STRIP = NO;
				DEBUG_INFORMATION_FORMAT = dwarf;
				ENABLE_STRICT_OBJC_MSGSEND = YES;
				ENABLE_TESTABILITY = YES;
				GCC_C_LANGUAGE_STANDARD = gnu11;
				GCC_DYNAMIC_NO_PIC = NO;
				GCC_NO_COMMON_BLOCKS = YES;
				GCC_OPTIMIZATION_LEVEL = 0;
				GCC_PREPROCESSOR_DEFINITIONS = (
					"DEBUG=1",
					"$(inherited)",
				);
				GCC_WARN_64_TO_32_BIT_CONVERSION = YES;
				GCC_WARN_ABOUT_RETURN_TYPE = YES_ERROR;
				GCC_WARN_UNDECLARED_SELECTOR = YES;
				GCC_WARN_UNINITIALIZED_AUTOS = YES_AGGRESSIVE;
				GCC_WARN_UNUSED_FUNCTION = YES;
				GCC_WARN_UNUSED_VARIABLE = YES;
				IPHONEOS_DEPLOYMENT_TARGET = 11.2;
				MTL_ENABLE_DEBUG_INFO = YES;
				ONLY_ACTIVE_ARCH = YES;
				SDKROOT = iphoneos;
				SWIFT_ACTIVE_COMPILATION_CONDITIONS = DEBUG;
				SWIFT_OPTIMIZATION_LEVEL = "-Onone";
			};
			name = Debug;
		};
		D6F666612264DD5D0096248E /* Release */ = {
			isa = XCBuildConfiguration;
			buildSettings = {
				ALWAYS_SEARCH_USER_PATHS = NO;
				CLANG_ANALYZER_NONNULL = YES;
				CLANG_ANALYZER_NUMBER_OBJECT_CONVERSION = YES_AGGRESSIVE;
				CLANG_CXX_LANGUAGE_STANDARD = "gnu++14";
				CLANG_CXX_LIBRARY = "libc++";
				CLANG_ENABLE_MODULES = YES;
				CLANG_ENABLE_OBJC_ARC = YES;
				CLANG_WARN_BLOCK_CAPTURE_AUTORELEASING = YES;
				CLANG_WARN_BOOL_CONVERSION = YES;
				CLANG_WARN_COMMA = YES;
				CLANG_WARN_CONSTANT_CONVERSION = YES;
				CLANG_WARN_DIRECT_OBJC_ISA_USAGE = YES_ERROR;
				CLANG_WARN_DOCUMENTATION_COMMENTS = YES;
				CLANG_WARN_EMPTY_BODY = YES;
				CLANG_WARN_ENUM_CONVERSION = YES;
				CLANG_WARN_INFINITE_RECURSION = YES;
				CLANG_WARN_INT_CONVERSION = YES;
				CLANG_WARN_NON_LITERAL_NULL_CONVERSION = YES;
				CLANG_WARN_OBJC_LITERAL_CONVERSION = YES;
				CLANG_WARN_OBJC_ROOT_CLASS = YES_ERROR;
				CLANG_WARN_RANGE_LOOP_ANALYSIS = YES;
				CLANG_WARN_STRICT_PROTOTYPES = YES;
				CLANG_WARN_SUSPICIOUS_MOVE = YES;
				CLANG_WARN_UNGUARDED_AVAILABILITY = YES_AGGRESSIVE;
				CLANG_WARN_UNREACHABLE_CODE = YES;
				CLANG_WARN__DUPLICATE_METHOD_MATCH = YES;
				CODE_SIGN_IDENTITY = "iPhone Developer";
				COPY_PHASE_STRIP = NO;
				DEBUG_INFORMATION_FORMAT = "dwarf-with-dsym";
				ENABLE_NS_ASSERTIONS = NO;
				ENABLE_STRICT_OBJC_MSGSEND = YES;
				GCC_C_LANGUAGE_STANDARD = gnu11;
				GCC_NO_COMMON_BLOCKS = YES;
				GCC_WARN_64_TO_32_BIT_CONVERSION = YES;
				GCC_WARN_ABOUT_RETURN_TYPE = YES_ERROR;
				GCC_WARN_UNDECLARED_SELECTOR = YES;
				GCC_WARN_UNINITIALIZED_AUTOS = YES_AGGRESSIVE;
				GCC_WARN_UNUSED_FUNCTION = YES;
				GCC_WARN_UNUSED_VARIABLE = YES;
				IPHONEOS_DEPLOYMENT_TARGET = 11.2;
				MTL_ENABLE_DEBUG_INFO = NO;
				SDKROOT = iphoneos;
				SWIFT_OPTIMIZATION_LEVEL = "-Owholemodule";
				VALIDATE_PRODUCT = YES;
			};
			name = Release;
		};
		D6F666632264DD5D0096248E /* Debug */ = {
			isa = XCBuildConfiguration;
			buildSettings = {
				ASSETCATALOG_COMPILER_APPICON_NAME = AppIcon;
				CODE_SIGN_STYLE = Automatic;
				DEVELOPMENT_TEAM = Q6KPB6487G;
				INFOPLIST_FILE = HelloWorld/Info.plist;
				LD_RUNPATH_SEARCH_PATHS = "$(inherited) @executable_path/Frameworks";
				PRODUCT_BUNDLE_IDENTIFIER = HelloWorld.HelloWorld;
				PRODUCT_NAME = "$(TARGET_NAME)";
				SWIFT_VERSION = 4.0;
				TARGETED_DEVICE_FAMILY = "1,2";
			};
			name = Debug;
		};
		D6F666642264DD5D0096248E /* Release */ = {
			isa = XCBuildConfiguration;
			buildSettings = {
				ASSETCATALOG_COMPILER_APPICON_NAME = AppIcon;
				CODE_SIGN_STYLE = Automatic;
				DEVELOPMENT_TEAM = Q6KPB6487G;
				INFOPLIST_FILE = HelloWorld/Info.plist;
				LD_RUNPATH_SEARCH_PATHS = "$(inherited) @executable_path/Frameworks";
				PRODUCT_BUNDLE_IDENTIFIER = HelloWorld.HelloWorld;
				PRODUCT_NAME = "$(TARGET_NAME)";
				SWIFT_VERSION = 4.0;
				TARGETED_DEVICE_FAMILY = "1,2";
			};
			name = Release;
		};
		D6F666662264DD5D0096248E /* Debug */ = {
			isa = XCBuildConfiguration;
			buildSettings = {
				ALWAYS_EMBED_SWIFT_STANDARD_LIBRARIES = YES;
				BUNDLE_LOADER = "$(TEST_HOST)";
				CODE_SIGN_STYLE = Automatic;
				INFOPLIST_FILE = HelloWorldTests/Info.plist;
				LD_RUNPATH_SEARCH_PATHS = "$(inherited) @executable_path/Frameworks @loader_path/Frameworks";
				PRODUCT_BUNDLE_IDENTIFIER = HelloWorld.HelloWorldTests;
				PRODUCT_NAME = "$(TARGET_NAME)";
				SWIFT_VERSION = 4.0;
				TARGETED_DEVICE_FAMILY = "1,2";
				TEST_HOST = "$(BUILT_PRODUCTS_DIR)/HelloWorld.app/HelloWorld";
			};
			name = Debug;
		};
		D6F666672264DD5D0096248E /* Release */ = {
			isa = XCBuildConfiguration;
			buildSettings = {
				ALWAYS_EMBED_SWIFT_STANDARD_LIBRARIES = YES;
				BUNDLE_LOADER = "$(TEST_HOST)";
				CODE_SIGN_STYLE = Automatic;
				INFOPLIST_FILE = HelloWorldTests/Info.plist;
				LD_RUNPATH_SEARCH_PATHS = "$(inherited) @executable_path/Frameworks @loader_path/Frameworks";
				PRODUCT_BUNDLE_IDENTIFIER = HelloWorld.HelloWorldTests;
				PRODUCT_NAME = "$(TARGET_NAME)";
				SWIFT_VERSION = 4.0;
				TARGETED_DEVICE_FAMILY = "1,2";
				TEST_HOST = "$(BUILT_PRODUCTS_DIR)/HelloWorld.app/HelloWorld";
			};
			name = Release;
		};
		D6F666692264DD5D0096248E /* Debug */ = {
			isa = XCBuildConfiguration;
			buildSettings = {
				ALWAYS_EMBED_SWIFT_STANDARD_LIBRARIES = YES;
				CODE_SIGN_STYLE = Automatic;
				INFOPLIST_FILE = HelloWorldUITests/Info.plist;
				LD_RUNPATH_SEARCH_PATHS = "$(inherited) @executable_path/Frameworks @loader_path/Frameworks";
				PRODUCT_BUNDLE_IDENTIFIER = HelloWorld.HelloWorldUITests;
				PRODUCT_NAME = "$(TARGET_NAME)";
				SWIFT_VERSION = 4.0;
				TARGETED_DEVICE_FAMILY = "1,2";
				TEST_TARGET_NAME = HelloWorld;
			};
			name = Debug;
		};
		D6F6666A2264DD5D0096248E /* Release */ = {
			isa = XCBuildConfiguration;
			buildSettings = {
				ALWAYS_EMBED_SWIFT_STANDARD_LIBRARIES = YES;
				CODE_SIGN_STYLE = Automatic;
				INFOPLIST_FILE = HelloWorldUITests/Info.plist;
				LD_RUNPATH_SEARCH_PATHS = "$(inherited) @executable_path/Frameworks @loader_path/Frameworks";
				PRODUCT_BUNDLE_IDENTIFIER = HelloWorld.HelloWorldUITests;
				PRODUCT_NAME = "$(TARGET_NAME)";
				SWIFT_VERSION = 4.0;
				TARGETED_DEVICE_FAMILY = "1,2";
				TEST_TARGET_NAME = HelloWorld;
			};
			name = Release;
		};
/* End XCBuildConfiguration section */

/* Begin XCConfigurationList section */
		D6F666352264DD5B0096248E /* Build configuration list for PBXProject "HelloWorld" */ = {
			isa = XCConfigurationList;
			buildConfigurations = (
				D6F666602264DD5D0096248E /* Debug */,
				D6F666612264DD5D0096248E /* Release */,
			);
			defaultConfigurationIsVisible = 0;
			defaultConfigurationName = Release;
		};
		D6F666622264DD5D0096248E /* Build configuration list for PBXNativeTarget "HelloWorld" */ = {
			isa = XCConfigurationList;
			buildConfigurations = (
				D6F666632264DD5D0096248E /* Debug */,
				D6F666642264DD5D0096248E /* Release */,
			);
			defaultConfigurationIsVisible = 0;
			defaultConfigurationName = Release;
		};
		D6F666652264DD5D0096248E /* Build configuration list for PBXNativeTarget "HelloWorldTests" */ = {
			isa = XCConfigurationList;
			buildConfigurations = (
				D6F666662264DD5D0096248E /* Debug */,
				D6F666672264DD5D0096248E /* Release */,
			);
			defaultConfigurationIsVisible = 0;
			defaultConfigurationName = Release;
		};
		D6F666682264DD5D0096248E /* Build configuration list for PBXNativeTarget "HelloWorldUITests" */ = {
			isa = XCConfigurationList;
			buildConfigurations = (
				D6F666692264DD5D0096248E /* Debug */,
				D6F6666A2264DD5D0096248E /* Release */,
			);
			defaultConfigurationIsVisible = 0;
			defaultConfigurationName = Release;
		};
/* End XCConfigurationList section */
	};
	rootObject = D6F666322264DD5B0096248E /* Project object */;
}
